
Microsoft Visual Studio Solution File, Format Version 12.00
# Visual Studio Version 17
VisualStudioVersion = 17.5.2.0
MinimumVisualStudioVersion = 10.0.40219.1
Project("{2150E333-8FDC-42A3-9474-1A3956D46DE8}") = "src", "src", "{827E0CD3-B72D-47B6-A68D-7590B98EB39B}"
EndProject
Project("{2150E333-8FDC-42A3-9474-1A3956D46DE8}") = "tests", "tests", "{0AB3BF05-4346-4AA6-1389-037BE0695223}"
EndProject
Project("{FAE04EC0-301F-11D3-BF4B-00C04F79EFBC}") = "QuantPairs.Cli", "src\QuantPairs.Cli\QuantPairs.Cli.csproj", "{004F6EF1-5EEB-AE99-F86B-E020953B8DD1}"
EndProject
Project("{FAE04EC0-301F-11D3-BF4B-00C04F79EFBC}") = "QuantPairs.Core", "src\QuantPairs.Core\QuantPairs.Core.csproj", "{50A64669-D4C0-07B1-6CAC-DEB50EA511EB}"
EndProject
Project("{FAE04EC0-301F-11D3-BF4B-00C04F79EFBC}") = "QuantPairs.Data", "src\QuantPairs.Data\QuantPairs.Data.csproj", "{707FC6AB-A84C-C779-1F89-58D99127B78C}"
EndProject
Project("{FAE04EC0-301F-11D3-BF4B-00C04F79EFBC}") = "QuantPairs.MarketData", "src\QuantPairs.MarketData\QuantPairs.MarketData.csproj", "{7001BB4A-934C-5C77-9177-F5E8209EBF11}"
EndProject
Project("{FAE04EC0-301F-11D3-BF4B-00C04F79EFBC}") = "QuantPairs.Research", "src\QuantPairs.Research\QuantPairs.Research.csproj", "{5CDAD001-141B-A210-63E8-201C28E0146E}"
EndProject
Project("{FAE04EC0-301F-11D3-BF4B-00C04F79EFBC}") = "QuantPairs.Trading", "src\QuantPairs.Trading\QuantPairs.Trading.csproj", "{22D9FFBB-10D9-3BCD-9028-0D91BBDCA5FE}"
EndProject
Project("{FAE04EC0-301F-11D3-BF4B-00C04F79EFBC}") = "QuantPairs.Tests", "tests\QuantPairs.Tests\QuantPairs.Tests.csproj", "{8B3A3EED-1120-534B-0AD0-D2A5949B3813}"
EndProject
Project("{FAE04EC0-301F-11D3-BF4B-00C04F79EFBC}") = "QuantPairs.App", "src\QuantPairs.App\QuantPairs.App.csproj", "{FBBCDA27-583A-4975-A329-FB60F9216A90}"
EndProject
Global
	GlobalSection(SolutionConfigurationPlatforms) = preSolution
		Debug|Any CPU = Debug|Any CPU
		Debug|x64 = Debug|x64
		Debug|x86 = Debug|x86
		Release|Any CPU = Release|Any CPU
		Release|x64 = Release|x64
		Release|x86 = Release|x86
	EndGlobalSection
	GlobalSection(ProjectConfigurationPlatforms) = postSolution
		{004F6EF1-5EEB-AE99-F86B-E020953B8DD1}.Debug|Any CPU.ActiveCfg = Debug|Any CPU
		{004F6EF1-5EEB-AE99-F86B-E020953B8DD1}.Debug|Any CPU.Build.0 = Debug|Any CPU
		{004F6EF1-5EEB-AE99-F86B-E020953B8DD1}.Debug|x64.ActiveCfg = Debug|Any CPU
		{004F6EF1-5EEB-AE99-F86B-E020953B8DD1}.Debug|x64.Build.0 = Debug|Any CPU
		{004F6EF1-5EEB-AE99-F86B-E020953B8DD1}.Debug|x86.ActiveCfg = Debug|Any CPU
		{004F6EF1-5EEB-AE99-F86B-E020953B8DD1}.Debug|x86.Build.0 = Debug|Any CPU
		{004F6EF1-5EEB-AE99-F86B-E020953B8DD1}.Release|Any CPU.ActiveCfg = Release|Any CPU
		{004F6EF1-5EEB-AE99-F86B-E020953B8DD1}.Release|Any CPU.Build.0 = Release|Any CPU
		{004F6EF1-5EEB-AE99-F86B-E020953B8DD1}.Release|x64.ActiveCfg = Release|Any CPU
		{004F6EF1-5EEB-AE99-F86B-E020953B8DD1}.Release|x64.Build.0 = Release|Any CPU
		{004F6EF1-5EEB-AE99-F86B-E020953B8DD1}.Release|x86.ActiveCfg = Release|Any CPU
		{004F6EF1-5EEB-AE99-F86B-E020953B8DD1}.Release|x86.Build.0 = Release|Any CPU
		{50A64669-D4C0-07B1-6CAC-DEB50EA511EB}.Debug|Any CPU.ActiveCfg = Debug|Any CPU
		{50A64669-D4C0-07B1-6CAC-DEB50EA511EB}.Debug|Any CPU.Build.0 = Debug|Any CPU
		{50A64669-D4C0-07B1-6CAC-DEB50EA511EB}.Debug|x64.ActiveCfg = Debug|Any CPU
		{50A64669-D4C0-07B1-6CAC-DEB50EA511EB}.Debug|x64.Build.0 = Debug|Any CPU
		{50A64669-D4C0-07B1-6CAC-DEB50EA511EB}.Debug|x86.ActiveCfg = Debug|Any CPU
		{50A64669-D4C0-07B1-6CAC-DEB50EA511EB}.Debug|x86.Build.0 = Debug|Any CPU
		{50A64669-D4C0-07B1-6CAC-DEB50EA511EB}.Release|Any CPU.ActiveCfg = Release|Any CPU
		{50A64669-D4C0-07B1-6CAC-DEB50EA511EB}.Release|Any CPU.Build.0 = Release|Any CPU
		{50A64669-D4C0-07B1-6CAC-DEB50EA511EB}.Release|x64.ActiveCfg = Release|Any CPU
		{50A64669-D4C0-07B1-6CAC-DEB50EA511EB}.Release|x64.Build.0 = Release|Any CPU
		{50A64669-D4C0-07B1-6CAC-DEB50EA511EB}.Release|x86.ActiveCfg = Release|Any CPU
		{50A64669-D4C0-07B1-6CAC-DEB50EA511EB}.Release|x86.Build.0 = Release|Any CPU
		{707FC6AB-A84C-C779-1F89-58D99127B78C}.Debug|Any CPU.ActiveCfg = Debug|Any CPU
		{707FC6AB-A84C-C779-1F89-58D99127B78C}.Debug|Any CPU.Build.0 = Debug|Any CPU
		{707FC6AB-A84C-C779-1F89-58D99127B78C}.Debug|x64.ActiveCfg = Debug|Any CPU
		{707FC6AB-A84C-C779-1F89-58D99127B78C}.Debug|x64.Build.0 = Debug|Any CPU
		{707FC6AB-A84C-C779-1F89-58D99127B78C}.Debug|x86.ActiveCfg = Debug|Any CPU
		{707FC6AB-A84C-C779-1F89-58D99127B78C}.Debug|x86.Build.0 = Debug|Any CPU
		{707FC6AB-A84C-C779-1F89-58D99127B78C}.Release|Any CPU.ActiveCfg = Release|Any CPU
		{707FC6AB-A84C-C779-1F89-58D99127B78C}.Release|Any CPU.Build.0 = Release|Any CPU
		{707FC6AB-A84C-C779-1F89-58D99127B78C}.Release|x64.ActiveCfg = Release|Any CPU
		{707FC6AB-A84C-C779-1F89-58D99127B78C}.Release|x64.Build.0 = Release|Any CPU
		{707FC6AB-A84C-C779-1F89-58D99127B78C}.Release|x86.ActiveCfg = Release|Any CPU
		{707FC6AB-A84C-C779-1F89-58D99127B78C}.Release|x86.Build.0 = Release|Any CPU
		{7001BB4A-934C-5C77-9177-F5E8209EBF11}.Debug|Any CPU.ActiveCfg = Debug|Any CPU
		{7001BB4A-934C-5C77-9177-F5E8209EBF11}.Debug|Any CPU.Build.0 = Debug|Any CPU
		{7001BB4A-934C-5C77-9177-F5E8209EBF11}.Debug|x64.ActiveCfg = Debug|Any CPU
		{7001BB4A-934C-5C77-9177-F5E8209EBF11}.Debug|x64.Build.0 = Debug|Any CPU
		{7001BB4A-934C-5C77-9177-F5E8209EBF11}.Debug|x86.ActiveCfg = Debug|Any CPU
		{7001BB4A-934C-5C77-9177-F5E8209EBF11}.Debug|x86.Build.0 = Debug|Any CPU
		{7001BB4A-934C-5C77-9177-F5E8209EBF11}.Release|Any CPU.ActiveCfg = Release|Any CPU
		{7001BB4A-934C-5C77-9177-F5E8209EBF11}.Release|Any CPU.Build.0 = Release|Any CPU
		{7001BB4A-934C-5C77-9177-F5E8209EBF11}.Release|x64.ActiveCfg = Release|Any CPU
		{7001BB4A-934C-5C77-9177-F5E8209EBF11}.Release|x64.Build.0 = Release|Any CPU
		{7001BB4A-934C-5C77-9177-F5E8209EBF11}.Release|x86.ActiveCfg = Release|Any CPU
		{7001BB4A-934C-5C77-9177-F5E8209EBF11}.Release|x86.Build.0 = Release|Any CPU
		{5CDAD001-141B-A210-63E8-201C28E0146E}.Debug|Any CPU.ActiveCfg = Debug|Any CPU
		{5CDAD001-141B-A210-63E8-201C28E0146E}.Debug|Any CPU.Build.0 = Debug|Any CPU
		{5CDAD001-141B-A210-63E8-201C28E0146E}.Debug|x64.ActiveCfg = Debug|Any CPU
		{5CDAD001-141B-A210-63E8-201C28E0146E}.Debug|x64.Build.0 = Debug|Any CPU
		{5CDAD001-141B-A210-63E8-201C28E0146E}.Debug|x86.ActiveCfg = Debug|Any CPU
		{5CDAD001-141B-A210-63E8-201C28E0146E}.Debug|x86.Build.0 = Debug|Any CPU
		{5CDAD001-141B-A210-63E8-201C28E0146E}.Release|Any CPU.ActiveCfg = Release|Any CPU
		{5CDAD001-141B-A210-63E8-201C28E0146E}.Release|Any CPU.Build.0 = Release|Any CPU
		{5CDAD001-141B-A210-63E8-201C28E0146E}.Release|x64.ActiveCfg = Release|Any CPU
		{5CDAD001-141B-A210-63E8-201C28E0146E}.Release|x64.Build.0 = Release|Any CPU
		{5CDAD001-141B-A210-63E8-201C28E0146E}.Release|x86.ActiveCfg = Release|Any CPU
		{5CDAD001-141B-A210-63E8-201C28E0146E}.Release|x86.Build.0 = Release|Any CPU
		{22D9FFBB-10D9-3BCD-9028-0D91BBDCA5FE}.Debug|Any CPU.ActiveCfg = Debug|Any CPU
		{22D9FFBB-10D9-3BCD-9028-0D91BBDCA5FE}.Debug|Any CPU.Build.0 = Debug|Any CPU
		{22D9FFBB-10D9-3BCD-9028-0D91BBDCA5FE}.Debug|x64.ActiveCfg = Debug|Any CPU
		{22D9FFBB-10D9-3BCD-9028-0D91BBDCA5FE}.Debug|x64.Build.0 = Debug|Any CPU
		{22D9FFBB-10D9-3BCD-9028-0D91BBDCA5FE}.Debug|x86.ActiveCfg = Debug|Any CPU
		{22D9FFBB-10D9-3BCD-9028-0D91BBDCA5FE}.Debug|x86.Build.0 = Debug|Any CPU
		{22D9FFBB-10D9-3BCD-9028-0D91BBDCA5FE}.Release|Any CPU.ActiveCfg = Release|Any CPU
		{22D9FFBB-10D9-3BCD-9028-0D91BBDCA5FE}.Release|Any CPU.Build.0 = Release|Any CPU
		{22D9FFBB-10D9-3BCD-9028-0D91BBDCA5FE}.Release|x64.ActiveCfg = Release|Any CPU
		{22D9FFBB-10D9-3BCD-9028-0D91BBDCA5FE}.Release|x64.Build.0 = Release|Any CPU
		{22D9FFBB-10D9-3BCD-9028-0D91BBDCA5FE}.Release|x86.ActiveCfg = Release|Any CPU
		{22D9FFBB-10D9-3BCD-9028-0D91BBDCA5FE}.Release|x86.Build.0 = Release|Any CPU
		{8B3A3EED-1120-534B-0AD0-D2A5949B3813}.Debug|Any CPU.ActiveCfg = Debug|Any CPU
		{8B3A3EED-1120-534B-0AD0-D2A5949B3813}.Debug|Any CPU.Build.0 = Debug|Any CPU
		{8B3A3EED-1120-534B-0AD0-D2A5949B3813}.Debug|x64.ActiveCfg = Debug|Any CPU
		{8B3A3EED-1120-534B-0AD0-D2A5949B3813}.Debug|x64.Build.0 = Debug|Any CPU
		{8B3A3EED-1120-534B-0AD0-D2A5949B3813}.Debug|x86.ActiveCfg = Debug|Any CPU
		{8B3A3EED-1120-534B-0AD0-D2A5949B3813}.Debug|x86.Build.0 = Debug|Any CPU
		{8B3A3EED-1120-534B-0AD0-D2A5949B3813}.Release|Any CPU.ActiveCfg = Release|Any CPU
		{8B3A3EED-1120-534B-0AD0-D2A5949B3813}.Release|Any CPU.Build.0 = Release|Any CPU
		{8B3A3EED-1120-534B-0AD0-D2A5949B3813}.Release|x64.ActiveCfg = Release|Any CPU
		{8B3A3EED-1120-534B-0AD0-D2A5949B3813}.Release|x64.Build.0 = Release|Any CPU
		{8B3A3EED-1120-534B-0AD0-D2A5949B3813}.Release|x86.ActiveCfg = Release|Any CPU
		{8B3A3EED-1120-534B-0AD0-D2A5949B3813}.Release|x86.Build.0 = Release|Any CPU
		{FBBCDA27-583A-4975-A329-FB60F9216A90}.Debug|Any CPU.ActiveCfg = Debug|Any CPU
		{FBBCDA27-583A-4975-A329-FB60F9216A90}.Debug|Any CPU.Build.0 = Debug|Any CPU
		{FBBCDA27-583A-4975-A329-FB60F9216A90}.Debug|x64.ActiveCfg = Debug|Any CPU
		{FBBCDA27-583A-4975-A329-FB60F9216A90}.Debug|x64.Build.0 = Debug|Any CPU
		{FBBCDA27-583A-4975-A329-FB60F9216A90}.Debug|x86.ActiveCfg = Debug|Any CPU
		{FBBCDA27-583A-4975-A329-FB60F9216A90}.Debug|x86.Build.0 = Debug|Any CPU
		{FBBCDA27-583A-4975-A329-FB60F9216A90}.Release|Any CPU.ActiveCfg = Release|Any CPU
		{FBBCDA27-583A-4975-A329-FB60F9216A90}.Release|Any CPU.Build.0 = Release|Any CPU
		{FBBCDA27-583A-4975-A329-FB60F9216A90}.Release|x64.ActiveCfg = Release|Any CPU
		{FBBCDA27-583A-4975-A329-FB60F9216A90}.Release|x64.Build.0 = Release|Any CPU
		{FBBCDA27-583A-4975-A329-FB60F9216A90}.Release|x86.ActiveCfg = Release|Any CPU
		{FBBCDA27-583A-4975-A329-FB60F9216A90}.Release|x86.Build.0 = Release|Any CPU
	EndGlobalSection
	GlobalSection(SolutionProperties) = preSolution
		HideSolutionNode = FALSE
	EndGlobalSection
	GlobalSection(NestedProjects) = preSolution
		{004F6EF1-5EEB-AE99-F86B-E020953B8DD1} = {827E0CD3-B72D-47B6-A68D-7590B98EB39B}
		{50A64669-D4C0-07B1-6CAC-DEB50EA511EB} = {827E0CD3-B72D-47B6-A68D-7590B98EB39B}
		{707FC6AB-A84C-C779-1F89-58D99127B78C} = {827E0CD3-B72D-47B6-A68D-7590B98EB39B}
		{7001BB4A-934C-5C77-9177-F5E8209EBF11} = {827E0CD3-B72D-47B6-A68D-7590B98EB39B}
		{5CDAD001-141B-A210-63E8-201C28E0146E} = {827E0CD3-B72D-47B6-A68D-7590B98EB39B}
		{22D9FFBB-10D9-3BCD-9028-0D91BBDCA5FE} = {827E0CD3-B72D-47B6-A68D-7590B98EB39B}
		{8B3A3EED-1120-534B-0AD0-D2A5949B3813} = {0AB3BF05-4346-4AA6-1389-037BE0695223}
		{FBBCDA27-583A-4975-A329-FB60F9216A90} = {827E0CD3-B72D-47B6-A68D-7590B98EB39B}
	EndGlobalSection
	GlobalSection(ExtensibilityGlobals) = postSolution
		SolutionGuid = {0BD746E6-B1C9-449A-B8C2-879D722C42E1}
	EndGlobalSection
EndGlobal
